{
  "name": "hermesx-stocksdk-bridge",
  "version": "0.1.0",
  "lockfileVersion": 3,
  "requires": true,
  "packages": {
    "": {
      "name": "hermesx-stocksdk-bridge",
      "version": "0.1.0",
      "dependencies": {
        "stock-sdk": "^2.0.0"
      }
    },
    "node_modules/stock-sdk": {
      "version": "2.4.6",
      "resolved": "https://registry.npmmirror.com/stock-sdk/-/stock-sdk-2.4.6.tgz",
      "integrity": "sha512-jue679Q8V5m4LXR2zqSEYp62b2/myN/+PIduXOoOLkRRxY7U5Zmas1hoZuj51M2IraXowxewYLsfLyEM6nnRFQ==",
      "license": "ISC",
      "bin": {
        "stock-sdk": "dist/cli.js"
      },
      "engines": {
        "node": ">=18.0.0"
      }
    }
  }
}
